// !$*UTF8*$!
{
	archiveVersion = 1;
	classes = {
	};
	objectVersion = 50;
	objects = {

/* Begin PBXBuildFile section */
		A62143E223732BC90031C7E1 /* AppDelegate.swift in Sources */ = {isa = PBXBuildFile; fileRef = A62143E123732BC90031C7E1 /* AppDelegate.swift */; };
		A62143E423732BC90031C7E1 /* SceneDelegate.swift in Sources */ = {isa = PBXBuildFile; fileRef = A62143E323732BC90031C7E1 /* SceneDelegate.swift */; };
		A62143EB23732BC90031C7E1 /* Main.storyboard in Resources */ = {isa = PBXBuildFile; fileRef = A62143E923732BC90031C7E1 /* Main.storyboard */; };
		A62143ED23732BD00031C7E1 /* Assets.xcassets in Resources */ = {isa = PBXBuildFile; fileRef = A62143EC23732BD00031C7E1 /* Assets.xcassets */; };
		A62143F023732BD10031C7E1 /* LaunchScreen.storyboard in Resources */ = {isa = PBXBuildFile; fileRef = A62143EE23732BD10031C7E1 /* LaunchScreen.storyboard */; };
		A62143FB23732BD10031C7E1 /* Peter_s_Contact_ListTests.swift in Sources */ = {isa = PBXBuildFile; fileRef = A62143FA23732BD10031C7E1 /* Peter_s_Contact_ListTests.swift */; };
		A621440623732BD10031C7E1 /* Peter_s_Contact_ListUITests.swift in Sources */ = {isa = PBXBuildFile; fileRef = A621440523732BD10031C7E1 /* Peter_s_Contact_ListUITests.swift */; };
		A6214414237333A10031C7E1 /* ContactsViewController.swift in Sources */ = {isa = PBXBuildFile; fileRef = A6214413237333A10031C7E1 /* ContactsViewController.swift */; };
		A6214416237333B30031C7E1 /* MapViewController.swift in Sources */ = {isa = PBXBuildFile; fileRef = A6214415237333B30031C7E1 /* MapViewController.swift */; };
		A6214418237333BD0031C7E1 /* SettingsViewController.swift in Sources */ = {isa = PBXBuildFile; fileRef = A6214417237333BD0031C7E1 /* SettingsViewController.swift */; };
		A665B63E237C664500F941AC /* DateViewController.swift in Sources */ = {isa = PBXBuildFile; fileRef = A665B63D237C664500F941AC /* DateViewController.swift */; };
		A6A6D6D1237C611300C17D71 /* Constants.swift in Sources */ = {isa = PBXBuildFile; fileRef = A6A6D6D0237C611300C17D71 /* Constants.swift */; };
		A6A6D6D4237C62D800C17D71 /* ContactDataModel.xcdatamodeld in Sources */ = {isa = PBXBuildFile; fileRef = A6A6D6D2237C62D800C17D71 /* ContactDataModel.xcdatamodeld */; };
/* End PBXBuildFile section */

/* Begin PBXContainerItemProxy section */
		A62143F723732BD10031C7E1 /* PBXContainerItemProxy */ = {
			isa = PBXContainerItemProxy;
			containerPortal = A62143D623732BC90031C7E1 /* Project object */;
			proxyType = 1;
			remoteGlobalIDString = A62143DD23732BC90031C7E1;
			remoteInfo = "Peter's Contact List";
		};
		A621440223732BD10031C7E1 /* PBXContainerItemProxy */ = {
			isa = PBXContainerItemProxy;
			containerPortal = A62143D623732BC90031C7E1 /* Project object */;
			proxyType = 1;
			remoteGlobalIDString = A62143DD23732BC90031C7E1;
			remoteInfo = "Peter's Contact List";
		};
/* End PBXContainerItemProxy section */

/* Begin PBXFileReference section */
		A62143DE23732BC90031C7E1 /* Peter's Contact List.app */ = {isa = PBXFileReference; explicitFileType = wrapper.application; includeInIndex = 0; path = "Peter's Contact List.app"; sourceTree = BUILT_PRODUCTS_DIR; };
		A62143E123732BC90031C7E1 /* AppDelegate.swift */ = {isa = PBXFileReference; lastKnownFileType = sourcecode.swift; path = AppDelegate.swift; sourceTree = "<group>"; };
		A62143E323732BC90031C7E1 /* SceneDelegate.swift */ = {isa = PBXFileReference; lastKnownFileType = sourcecode.swift; path = SceneDelegate.swift; sourceTree = "<group>"; };
		A62143EA23732BC90031C7E1 /* Base */ = {isa = PBXFileReference; lastKnownFileType = file.storyboard; name = Base; path = Base.lproj/Main.storyboard; sourceTree = "<group>"; };
		A62143EC23732BD00031C7E1 /* Assets.xcassets */ = {isa = PBXFileReference; lastKnownFileType = folder.assetcatalog; path = Assets.xcassets; sourceTree = "<group>"; };
		A62143EF23732BD10031C7E1 /* Base */ = {isa = PBXFileReference; lastKnownFileType = file.storyboard; name = Base; path = Base.lproj/LaunchScreen.storyboard; sourceTree = "<group>"; };
		A62143F123732BD10031C7E1 /* Info.plist */ = {isa = PBXFileReference; lastKnownFileType = text.plist.xml; path = Info.plist; sourceTree = "<group>"; };
		A62143F623732BD10031C7E1 /* Peter's Contact ListTests.xctest */ = {isa = PBXFileReference; explicitFileType = wrapper.cfbundle; includeInIndex = 0; path = "Peter's Contact ListTests.xctest"; sourceTree = BUILT_PRODUCTS_DIR; };
		A62143FA23732BD10031C7E1 /* Peter_s_Contact_ListTests.swift */ = {isa = PBXFileReference; lastKnownFileType = sourcecode.swift; path = Peter_s_Contact_ListTests.swift; sourceTree = "<group>"; };
		A62143FC23732BD10031C7E1 /* Info.plist */ = {isa = PBXFileReference; lastKnownFileType = text.plist.xml; path = Info.plist; sourceTree = "<group>"; };
		A621440123732BD10031C7E1 /* Peter's Contact ListUITests.xctest */ = {isa = PBXFileReference; explicitFileType = wrapper.cfbundle; includeInIndex = 0; path = "Peter's Contact ListUITests.xctest"; sourceTree = BUILT_PRODUCTS_DIR; };
		A621440523732BD10031C7E1 /* Peter_s_Contact_ListUITests.swift */ = {isa = PBXFileReference; lastKnownFileType = sourcecode.swift; path = Peter_s_Contact_ListUITests.swift; sourceTree = "<group>"; };
		A621440723732BD10031C7E1 /* Info.plist */ = {isa = PBXFileReference; lastKnownFileType = text.plist.xml; path = Info.plist; sourceTree = "<group>"; };
		A6214413237333A10031C7E1 /* ContactsViewController.swift */ = {isa = PBXFileReference; lastKnownFileType = sourcecode.swift; path = ContactsViewController.swift; sourceTree = "<group>"; };
		A6214415237333B30031C7E1 /* MapViewController.swift */ = {isa = PBXFileReference; lastKnownFileType = sourcecode.swift; path = MapViewController.swift; sourceTree = "<group>"; };
		A6214417237333BD0031C7E1 /* SettingsViewController.swift */ = {isa = PBXFileReference; lastKnownFileType = sourcecode.swift; path = SettingsViewController.swift; sourceTree = "<group>"; };
		A665B63D237C664500F941AC /* DateViewController.swift */ = {isa = PBXFileReference; lastKnownFileType = sourcecode.swift; path = DateViewController.swift; sourceTree = "<group>"; };
		A6A6D6D0237C611300C17D71 /* Constants.swift */ = {isa = PBXFileReference; lastKnownFileType = sourcecode.swift; path = Constants.swift; sourceTree = "<group>"; };
		A6A6D6D3237C62D800C17D71 /* ContactDataModel.xcdatamodel */ = {isa = PBXFileReference; lastKnownFileType = wrapper.xcdatamodel; path = ContactDataModel.xcdatamodel; sourceTree = "<group>"; };
/* End PBXFileReference section */

/* Begin PBXFrameworksBuildPhase section */
		A62143DB23732BC90031C7E1 /* Frameworks */ = {
			isa = PBXFrameworksBuildPhase;
			buildActionMask = 2147483647;
			files = (
			);
			runOnlyForDeploymentPostprocessing = 0;
		};
		A62143F323732BD10031C7E1 /* Frameworks */ = {
			isa = PBXFrameworksBuildPhase;
			buildActionMask = 2147483647;
			files = (
			);
			runOnlyForDeploymentPostprocessing = 0;
		};
		A62143FE23732BD10031C7E1 /* Frameworks */ = {
			isa = PBXFrameworksBuildPhase;
			buildActionMask = 2147483647;
			files = (
			);
			runOnlyForDeploymentPostprocessing = 0;
		};
/* End PBXFrameworksBuildPhase section */

/* Begin PBXGroup section */
		A62143D523732BC90031C7E1 = {
			isa = PBXGroup;
			children = (
				A62143E023732BC90031C7E1 /* Peter's Contact List */,
				A62143F923732BD10031C7E1 /* Peter's Contact ListTests */,
				A621440423732BD10031C7E1 /* Peter's Contact ListUITests */,
				A62143DF23732BC90031C7E1 /* Products */,
			);
			sourceTree = "<group>";
		};
		A62143DF23732BC90031C7E1 /* Products */ = {
			isa = PBXGroup;
			children = (
				A62143DE23732BC90031C7E1 /* Peter's Contact List.app */,
				A62143F623732BD10031C7E1 /* Peter's Contact ListTests.xctest */,
				A621440123732BD10031C7E1 /* Peter's Contact ListUITests.xctest */,
			);
			name = Products;
			sourceTree = "<group>";
		};
		A62143E023732BC90031C7E1 /* Peter's Contact List */ = {
			isa = PBXGroup;
			children = (
				A62143E123732BC90031C7E1 /* AppDelegate.swift */,
				A6A6D6D2237C62D800C17D71 /* ContactDataModel.xcdatamodeld */,
				A62143E323732BC90031C7E1 /* SceneDelegate.swift */,
				A62143E923732BC90031C7E1 /* Main.storyboard */,
				A62143EC23732BD00031C7E1 /* Assets.xcassets */,
				A62143EE23732BD10031C7E1 /* LaunchScreen.storyboard */,
				A62143F123732BD10031C7E1 /* Info.plist */,
				A6214413237333A10031C7E1 /* ContactsViewController.swift */,
				A665B63D237C664500F941AC /* DateViewController.swift */,
				A6214415237333B30031C7E1 /* MapViewController.swift */,
				A6214417237333BD0031C7E1 /* SettingsViewController.swift */,
				A6A6D6D0237C611300C17D71 /* Constants.swift */,
			);
			path = "Peter's Contact List";
			sourceTree = "<group>";
		};
		A62143F923732BD10031C7E1 /* Peter's Contact ListTests */ = {
			isa = PBXGroup;
			children = (
				A62143FA23732BD10031C7E1 /* Peter_s_Contact_ListTests.swift */,
				A62143FC23732BD10031C7E1 /* Info.plist */,
			);
			path = "Peter's Contact ListTests";
			sourceTree = "<group>";
		};
		A621440423732BD10031C7E1 /* Peter's Contact ListUITests */ = {
			isa = PBXGroup;
			children = (
				A621440523732BD10031C7E1 /* Peter_s_Contact_ListUITests.swift */,
				A621440723732BD10031C7E1 /* Info.plist */,
			);
			path = "Peter's Contact ListUITests";
			sourceTree = "<group>";
		};
/* End PBXGroup section */

/* Begin PBXNativeTarget section */
		A62143DD23732BC90031C7E1 /* Peter's Contact List */ = {
			isa = PBXNativeTarget;
			buildConfigurationList = A621440A23732BD10031C7E1 /* Build configuration list for PBXNativeTarget "Peter's Contact List" */;
			buildPhases = (
				A62143DA23732BC90031C7E1 /* Sources */,
				A62143DB23732BC90031C7E1 /* Frameworks */,
				A62143DC23732BC90031C7E1 /* Resources */,
			);
			buildRules = (
			);
			dependencies = (
			);
			name = "Peter's Contact List";
			productName = "Peter's Contact List";
			productReference = A62143DE23732BC90031C7E1 /* Peter's Contact List.app */;
			productType = "com.apple.product-type.application";
		};
		A62143F523732BD10031C7E1 /* Peter's Contact ListTests */ = {
			isa = PBXNativeTarget;
			buildConfigurationList = A621440D23732BD10031C7E1 /* Build configuration list for PBXNativeTarget "Peter's Contact ListTests" */;
			buildPhases = (
				A62143F223732BD10031C7E1 /* Sources */,
				A62143F323732BD10031C7E1 /* Frameworks */,
				A62143F423732BD10031C7E1 /* Resources */,
			);
			buildRules = (
			);
			dependencies = (
				A62143F823732BD10031C7E1 /* PBXTargetDependency */,
			);
			name = "Peter's Contact ListTests";
			productName = "Peter's Contact ListTests";
			productReference = A62143F623732BD10031C7E1 /* Peter's Contact ListTests.xctest */;
			productType = "com.apple.product-type.bundle.unit-test";
		};
		A621440023732BD10031C7E1 /* Peter's Contact ListUITests */ = {
			isa = PBXNativeTarget;
			buildConfigurationList = A621441023732BD10031C7E1 /* Build configuration list for PBXNativeTarget "Peter's Contact ListUITests" */;
			buildPhases = (
				A62143FD23732BD10031C7E1 /* Sources */,
				A62143FE23732BD10031C7E1 /* Frameworks */,
				A62143FF23732BD10031C7E1 /* Resources */,
			);
			buildRules = (
			);
			dependencies = (
				A621440323732BD10031C7E1 /* PBXTargetDependency */,
			);
			name = "Peter's Contact ListUITests";
			productName = "Peter's Contact ListUITests";
			productReference = A621440123732BD10031C7E1 /* Peter's Contact ListUITests.xctest */;
			productType = "com.apple.product-type.bundle.ui-testing";
		};
/* End PBXNativeTarget section */

/* Begin PBXProject section */
		A62143D623732BC90031C7E1 /* Project object */ = {
			isa = PBXProject;
			attributes = {
				LastSwiftUpdateCheck = 1110;
				LastUpgradeCheck = 1110;
				ORGANIZATIONNAME = "Peter Kim";
				TargetAttributes = {
					A62143DD23732BC90031C7E1 = {
						CreatedOnToolsVersion = 11.1;
					};
					A62143F523732BD10031C7E1 = {
						CreatedOnToolsVersion = 11.1;
						TestTargetID = A62143DD23732BC90031C7E1;
					};
					A621440023732BD10031C7E1 = {
						CreatedOnToolsVersion = 11.1;
						TestTargetID = A62143DD23732BC90031C7E1;
					};
				};
			};
			buildConfigurationList = A62143D923732BC90031C7E1 /* Build configuration list for PBXProject "Peter's Contact List" */;
			compatibilityVersion = "Xcode 9.3";
			developmentRegion = en;
			hasScannedForEncodings = 0;
			knownRegions = (
				en,
				Base,
			);
			mainGroup = A62143D523732BC90031C7E1;
			productRefGroup = A62143DF23732BC90031C7E1 /* Products */;
			projectDirPath = "";
			projectRoot = "";
			targets = (
				A62143DD23732BC90031C7E1 /* Peter's Contact List */,
				A62143F523732BD10031C7E1 /* Peter's Contact ListTests */,
				A621440023732BD10031C7E1 /* Peter's Contact ListUITests */,
			);
		};
/* End PBXProject section */

/* Begin PBXResourcesBuildPhase section */
		A62143DC23732BC90031C7E1 /* Resources */ = {
			isa = PBXResourcesBuildPhase;
			buildActionMask = 2147483647;
			files = (
				A62143F023732BD10031C7E1 /* LaunchScreen.storyboard in Resources */,
				A62143ED23732BD00031C7E1 /* Assets.xcassets in Resources */,
				A62143EB23732BC90031C7E1 /* Main.storyboard in Resources */,
			);
			runOnlyForDeploymentPostprocessing = 0;
		};
		A62143F423732BD10031C7E1 /* Resources */ = {
			isa = PBXResourcesBuildPhase;
			buildActionMask = 2147483647;
			files = (
			);
			runOnlyForDeploymentPostprocessing = 0;
		};
		A62143FF23732BD10031C7E1 /* Resources */ = {
			isa = PBXResourcesBuildPhase;
			buildActionMask = 2147483647;
			files = (
			);
			runOnlyForDeploymentPostprocessing = 0;
		};
/* End PBXResourcesBuildPhase section */

/* Begin PBXSourcesBuildPhase section */
		A62143DA23732BC90031C7E1 /* Sources */ = {
			isa = PBXSourcesBuildPhase;
			buildActionMask = 2147483647;
			files = (
				A665B63E237C664500F941AC /* DateViewController.swift in Sources */,
				A6214416237333B30031C7E1 /* MapViewController.swift in Sources */,
				A6214418237333BD0031C7E1 /* SettingsViewController.swift in Sources */,
				A62143E223732BC90031C7E1 /* AppDelegate.swift in Sources */,
				A6A6D6D4237C62D800C17D71 /* ContactDataModel.xcdatamodeld in Sources */,
				A62143E423732BC90031C7E1 /* SceneDelegate.swift in Sources */,
				A6214414237333A10031C7E1 /* ContactsViewController.swift in Sources */,
				A6A6D6D1237C611300C17D71 /* Constants.swift in Sources */,
			);
			runOnlyForDeploymentPostprocessing = 0;
		};
		A62143F223732BD10031C7E1 /* Sources */ = {
			isa = PBXSourcesBuildPhase;
			buildActionMask = 2147483647;
			files = (
				A62143FB23732BD10031C7E1 /* Peter_s_Contact_ListTests.swift in Sources */,
			);
			runOnlyForDeploymentPostprocessing = 0;
		};
		A62143FD23732BD10031C7E1 /* Sources */ = {
			isa = PBXSourcesBuildPhase;
			buildActionMask = 2147483647;
			files = (
				A621440623732BD10031C7E1 /* Peter_s_Contact_ListUITests.swift in Sources */,
			);
			runOnlyForDeploymentPostprocessing = 0;
		};
/* End PBXSourcesBuildPhase section */

/* Begin PBXTargetDependency section */
		A62143F823732BD10031C7E1 /* PBXTargetDependency */ = {
			isa = PBXTargetDependency;
			target = A62143DD23732BC90031C7E1 /* Peter's Contact List */;
			targetProxy = A62143F723732BD10031C7E1 /* PBXContainerItemProxy */;
		};
		A621440323732BD10031C7E1 /* PBXTargetDependency */ = {
			isa = PBXTargetDependency;
			target = A62143DD23732BC90031C7E1 /* Peter's Contact List */;
			targetProxy = A621440223732BD10031C7E1 /* PBXContainerItemProxy */;
		};
/* End PBXTargetDependency section */

/* Begin PBXVariantGroup section */
		A62143E923732BC90031C7E1 /* Main.storyboard */ = {
			isa = PBXVariantGroup;
			children = (
				A62143EA23732BC90031C7E1 /* Base */,
			);
			name = Main.storyboard;
			sourceTree = "<group>";
		};
		A62143EE23732BD10031C7E1 /* LaunchScreen.storyboard */ = {
			isa = PBXVariantGroup;
			children = (
				A62143EF23732BD10031C7E1 /* Base */,
			);
			name = LaunchScreen.storyboard;
			sourceTree = "<group>";
		};
/* End PBXVariantGroup section */

/* Begin XCBuildConfiguration section */
		A621440823732BD10031C7E1 /* Debug */ = {
			isa = XCBuildConfiguration;
			buildSettings = {
				ALWAYS_SEARCH_USER_PATHS = NO;
				CLANG_ANALYZER_NONNULL = YES;
				CLANG_ANALYZER_NUMBER_OBJECT_CONVERSION = YES_AGGRESSIVE;
				CLANG_CXX_LANGUAGE_STANDARD = "gnu++14";
				CLANG_CXX_LIBRARY = "libc++";
				CLANG_ENABLE_MODULES = YES;
				CLANG_ENABLE_OBJC_ARC = YES;
				CLANG_ENABLE_OBJC_WEAK = YES;
				CLANG_WARN_BLOCK_CAPTURE_AUTORELEASING = YES;
				CLANG_WARN_BOOL_CONVERSION = YES;
				CLANG_WARN_COMMA = YES;
				CLANG_WARN_CONSTANT_CONVERSION = YES;
				CLANG_WARN_DEPRECATED_OBJC_IMPLEMENTATIONS = YES;
				CLANG_WARN_DIRECT_OBJC_ISA_USAGE = YES_ERROR;
				CLANG_WARN_DOCUMENTATION_COMMENTS = YES;
				CLANG_WARN_EMPTY_BODY = YES;
				CLANG_WARN_ENUM_CONVERSION = YES;
				CLANG_WARN_INFINITE_RECURSION = YES;
				CLANG_WARN_INT_CONVERSION = YES;
				CLANG_WARN_NON_LITERAL_NULL_CONVERSION = YES;
				CLANG_WARN_OBJC_IMPLICIT_RETAIN_SELF = YES;
				CLANG_WARN_OBJC_LITERAL_CONVERSION = YES;
				CLANG_WARN_OBJC_ROOT_CLASS = YES_ERROR;
				CLANG_WARN_RANGE_LOOP_ANALYSIS = YES;
				CLANG_WARN_STRICT_PROTOTYPES = YES;
				CLANG_WARN_SUSPICIOUS_MOVE = YES;
				CLANG_WARN_UNGUARDED_AVAILABILITY = YES_AGGRESSIVE;
				CLANG_WARN_UNREACHABLE_CODE = YES;
				CLANG_WARN__DUPLICATE_METHOD_MATCH = YES;
				COPY_PHASE_STRIP = NO;
				DEBUG_INFORMATION_FORMAT = dwarf;
				ENABLE_STRICT_OBJC_MSGSEND = YES;
				ENABLE_TESTABILITY = YES;
				GCC_C_LANGUAGE_STANDARD = gnu11;
				GCC_DYNAMIC_NO_PIC = NO;
				GCC_NO_COMMON_BLOCKS = YES;
				GCC_OPTIMIZATION_LEVEL = 0;
				GCC_PREPROCESSOR_DEFINITIONS = (
					"DEBUG=1",
					"$(inherited)",
				);
				GCC_WARN_64_TO_32_BIT_CONVERSION = YES;
				GCC_WARN_ABOUT_RETURN_TYPE = YES_ERROR;
				GCC_WARN_UNDECLARED_SELECTOR = YES;
				GCC_WARN_UNINITIALIZED_AUTOS = YES_AGGRESSIVE;
				GCC_WARN_UNUSED_FUNCTION = YES;
				GCC_WARN_UNUSED_VARIABLE = YES;
				IPHONEOS_DEPLOYMENT_TARGET = 13.1;
				MTL_ENABLE_DEBUG_INFO = INCLUDE_SOURCE;
				MTL_FAST_MATH = YES;
				ONLY_ACTIVE_ARCH = YES;
				SDKROOT = iphoneos;
				SWIFT_ACTIVE_COMPILATION_CONDITIONS = DEBUG;
				SWIFT_OPTIMIZATION_LEVEL = "-Onone";
			};
			name = Debug;
		};
		A621440923732BD10031C7E1 /* Release */ = {
			isa = XCBuildConfiguration;
			buildSettings = {
				ALWAYS_SEARCH_USER_PATHS = NO;
				CLANG_ANALYZER_NONNULL = YES;
				CLANG_ANALYZER_NUMBER_OBJECT_CONVERSION = YES_AGGRESSIVE;
				CLANG_CXX_LANGUAGE_STANDARD = "gnu++14";
				CLANG_CXX_LIBRARY = "libc++";
				CLANG_ENABLE_MODULES = YES;
				CLANG_ENABLE_OBJC_ARC = YES;
				CLANG_ENABLE_OBJC_WEAK = YES;
				CLANG_WARN_BLOCK_CAPTURE_AUTORELEASING = YES;
				CLANG_WARN_BOOL_CONVERSION = YES;
				CLANG_WARN_COMMA = YES;
				CLANG_WARN_CONSTANT_CONVERSION = YES;
				CLANG_WARN_DEPRECATED_OBJC_IMPLEMENTATIONS = YES;
				CLANG_WARN_DIRECT_OBJC_ISA_USAGE = YES_ERROR;
				CLANG_WARN_DOCUMENTATION_COMMENTS = YES;
				CLANG_WARN_EMPTY_BODY = YES;
				CLANG_WARN_ENUM_CONVERSION = YES;
				CLANG_WARN_INFINITE_RECURSION = YES;
				CLANG_WARN_INT_CONVERSION = YES;
				CLANG_WARN_NON_LITERAL_NULL_CONVERSION = YES;
				CLANG_WARN_OBJC_IMPLICIT_RETAIN_SELF = YES;
				CLANG_WARN_OBJC_LITERAL_CONVERSION = YES;
				CLANG_WARN_OBJC_ROOT_CLASS = YES_ERROR;
				CLANG_WARN_RANGE_LOOP_ANALYSIS = YES;
				CLANG_WARN_STRICT_PROTOTYPES = YES;
				CLANG_WARN_SUSPICIOUS_MOVE = YES;
				CLANG_WARN_UNGUARDED_AVAILABILITY = YES_AGGRESSIVE;
				CLANG_WARN_UNREACHABLE_CODE = YES;
				CLANG_WARN__DUPLICATE_METHOD_MATCH = YES;
				COPY_PHASE_STRIP = NO;
				DEBUG_INFORMATION_FORMAT = "dwarf-with-dsym";
				ENABLE_NS_ASSERTIONS = NO;
				ENABLE_STRICT_OBJC_MSGSEND = YES;
				GCC_C_LANGUAGE_STANDARD = gnu11;
				GCC_NO_COMMON_BLOCKS = YES;
				GCC_WARN_64_TO_32_BIT_CONVERSION = YES;
				GCC_WARN_ABOUT_RETURN_TYPE = YES_ERROR;
				GCC_WARN_UNDECLARED_SELECTOR = YES;
				GCC_WARN_UNINITIALIZED_AUTOS = YES_AGGRESSIVE;
				GCC_WARN_UNUSED_FUNCTION = YES;
				GCC_WARN_UNUSED_VARIABLE = YES;
				IPHONEOS_DEPLOYMENT_TARGET = 13.1;
				MTL_ENABLE_DEBUG_INFO = NO;
				MTL_FAST_MATH = YES;
				SDKROOT = iphoneos;
				SWIFT_COMPILATION_MODE = wholemodule;
				SWIFT_OPTIMIZATION_LEVEL = "-O";
				VALIDATE_PRODUCT = YES;
			};
			name = Release;
		};
		A621440B23732BD10031C7E1 /* Debug */ = {
			isa = XCBuildConfiguration;
			buildSettings = {
				ASSETCATALOG_COMPILER_APPICON_NAME = AppIcon;
				CODE_SIGN_STYLE = Automatic;
				DEVELOPMENT_TEAM = C35RJRM2Y3;
				INFOPLIST_FILE = "Peter's Contact List/Info.plist";
				LD_RUNPATH_SEARCH_PATHS = (
					"$(inherited)",
					"@executable_path/Frameworks",
				);
				PRODUCT_BUNDLE_IDENTIFIER = "com.GSU.Peter-s-Contact-List";
				PRODUCT_NAME = "$(TARGET_NAME)";
				SWIFT_VERSION = 5.0;
				TARGETED_DEVICE_FAMILY = "1,2";
			};
			name = Debug;
		};
		A621440C23732BD10031C7E1 /* Release */ = {
			isa = XCBuildConfiguration;
			buildSettings = {
				ASSETCATALOG_COMPILER_APPICON_NAME = AppIcon;
				CODE_SIGN_STYLE = Automatic;
				DEVELOPMENT_TEAM = C35RJRM2Y3;
				INFOPLIST_FILE = "Peter's Contact List/Info.plist";
				LD_RUNPATH_SEARCH_PATHS = (
					"$(inherited)",
					"@executable_path/Frameworks",
				);
				PRODUCT_BUNDLE_IDENTIFIER = "com.GSU.Peter-s-Contact-List";
				PRODUCT_NAME = "$(TARGET_NAME)";
				SWIFT_VERSION = 5.0;
				TARGETED_DEVICE_FAMILY = "1,2";
			};
			name = Release;
		};
		A621440E23732BD10031C7E1 /* Debug */ = {
			isa = XCBuildConfiguration;
			buildSettings = {
				ALWAYS_EMBED_SWIFT_STANDARD_LIBRARIES = YES;
				BUNDLE_LOADER = "$(TEST_HOST)";
				CODE_SIGN_STYLE = Automatic;
				INFOPLIST_FILE = "Peter's Contact ListTests/Info.plist";
				IPHONEOS_DEPLOYMENT_TARGET = 13.1;
				LD_RUNPATH_SEARCH_PATHS = (
					"$(inherited)",
					"@executable_path/Frameworks",
					"@loader_path/Frameworks",
				);
				PRODUCT_BUNDLE_IDENTIFIER = "GSU.Peter-s-Contact-ListTests";
				PRODUCT_NAME = "$(TARGET_NAME)";
				SWIFT_VERSION = 5.0;
				TARGETED_DEVICE_FAMILY = "1,2";
				TEST_HOST = "$(BUILT_PRODUCTS_DIR)/Peter's Contact List.app/Peter's Contact List";
			};
			name = Debug;
		};
		A621440F23732BD10031C7E1 /* Release */ = {
			isa = XCBuildConfiguration;
			buildSettings = {
				ALWAYS_EMBED_SWIFT_STANDARD_LIBRARIES = YES;
				BUNDLE_LOADER = "$(TEST_HOST)";
				CODE_SIGN_STYLE = Automatic;
				INFOPLIST_FILE = "Peter's Contact ListTests/Info.plist";
				IPHONEOS_DEPLOYMENT_TARGET = 13.1;
				LD_RUNPATH_SEARCH_PATHS = (
					"$(inherited)",
					"@executable_path/Frameworks",
					"@loader_path/Frameworks",
				);
				PRODUCT_BUNDLE_IDENTIFIER = "GSU.Peter-s-Contact-ListTests";
				PRODUCT_NAME = "$(TARGET_NAME)";
				SWIFT_VERSION = 5.0;
				TARGETED_DEVICE_FAMILY = "1,2";
				TEST_HOST = "$(BUILT_PRODUCTS_DIR)/Peter's Contact List.app/Peter's Contact List";
			};
			name = Release;
		};
		A621441123732BD10031C7E1 /* Debug */ = {
			isa = XCBuildConfiguration;
			buildSettings = {
				ALWAYS_EMBED_SWIFT_STANDARD_LIBRARIES = YES;
				CODE_SIGN_STYLE = Automatic;
				INFOPLIST_FILE = "Peter's Contact ListUITests/Info.plist";
				LD_RUNPATH_SEARCH_PATHS = (
					"$(inherited)",
					"@executable_path/Frameworks",
					"@loader_path/Frameworks",
				);
				PRODUCT_BUNDLE_IDENTIFIER = "GSU.Peter-s-Contact-ListUITests";
				PRODUCT_NAME = "$(TARGET_NAME)";
				SWIFT_VERSION = 5.0;
				TARGETED_DEVICE_FAMILY = "1,2";
				TEST_TARGET_NAME = "Peter's Contact List";
			};
			name = Debug;
		};
		A621441223732BD10031C7E1 /* Release */ = {
			isa = XCBuildConfiguration;
			buildSettings = {
				ALWAYS_EMBED_SWIFT_STANDARD_LIBRARIES = YES;
				CODE_SIGN_STYLE = Automatic;
				INFOPLIST_FILE = "Peter's Contact ListUITests/Info.plist";
				LD_RUNPATH_SEARCH_PATHS = (
					"$(inherited)",
					"@executable_path/Frameworks",
					"@loader_path/Frameworks",
				);
				PRODUCT_BUNDLE_IDENTIFIER = "GSU.Peter-s-Contact-ListUITests";
				PRODUCT_NAME = "$(TARGET_NAME)";
				SWIFT_VERSION = 5.0;
				TARGETED_DEVICE_FAMILY = "1,2";
				TEST_TARGET_NAME = "Peter's Contact List";
			};
			name = Release;
		};
/* End XCBuildConfiguration section */

/* Begin XCConfigurationList section */
		A62143D923732BC90031C7E1 /* Build configuration list for PBXProject "Peter's Contact List" */ = {
			isa = XCConfigurationList;
			buildConfigurations = (
				A621440823732BD10031C7E1 /* Debug */,
				A621440923732BD10031C7E1 /* Release */,
			);
			defaultConfigurationIsVisible = 0;
			defaultConfigurationName = Release;
		};
		A621440A23732BD10031C7E1 /* Build configuration list for PBXNativeTarget "Peter's Contact List" */ = {
			isa = XCConfigurationList;
			buildConfigurations = (
				A621440B23732BD10031C7E1 /* Debug */,
				A621440C23732BD10031C7E1 /* Release */,
			);
			defaultConfigurationIsVisible = 0;
			defaultConfigurationName = Release;
		};
		A621440D23732BD10031C7E1 /* Build configuration list for PBXNativeTarget "Peter's Contact ListTests" */ = {
			isa = XCConfigurationList;
			buildConfigurations = (
				A621440E23732BD10031C7E1 /* Debug */,
				A621440F23732BD10031C7E1 /* Release */,
			);
			defaultConfigurationIsVisible = 0;
			defaultConfigurationName = Release;
		};
		A621441023732BD10031C7E1 /* Build configuration list for PBXNativeTarget "Peter's Contact ListUITests" */ = {
			isa = XCConfigurationList;
			buildConfigurations = (
				A621441123732BD10031C7E1 /* Debug */,
				A621441223732BD10031C7E1 /* Release */,
			);
			defaultConfigurationIsVisible = 0;
			defaultConfigurationName = Release;
		};
/* End XCConfigurationList section */

/* Begin XCVersionGroup section */
		A6A6D6D2237C62D800C17D71 /* ContactDataModel.xcdatamodeld */ = {
			isa = XCVersionGroup;
			children = (
				A6A6D6D3237C62D800C17D71 /* ContactDataModel.xcdatamodel */,
			);
			currentVersion = A6A6D6D3237C62D800C17D71 /* ContactDataModel.xcdatamodel */;
			path = ContactDataModel.xcdatamodeld;
			sourceTree = "<group>";
			versionGroupType = wrapper.xcdatamodel;
		};
/* End XCVersionGroup section */
	};
	rootObject = A62143D623732BC90031C7E1 /* Project object */;
}
